
Microsoft Visual Studio Solution File, Format Version 12.00
# Visual Studio Version 16
VisualStudioVersion = 16.0.30114.105
MinimumVisualStudioVersion = 10.0.40219.1
Project("{FAE04EC0-301F-11D3-BF4B-00C04F79EFBC}") = "API", "API\API.csproj", "{057D647E-74ED-4E06-8740-1FA8FEBC2A08}"
EndProject
Project("{FAE04EC0-301F-11D3-BF4B-00C04F79EFBC}") = "Core", "Core\Core.csproj", "{33BBE275-4D07-46F6-87B9-FE39311DDD6C}"
EndProject
Project("{FAE04EC0-301F-11D3-BF4B-00C04F79EFBC}") = "Infrastructure", "Infrastructure\Infrastructure.csproj", "{13B5F076-CDE1-4956-A399-9AD4B16823F8}"
EndProject
Global
	GlobalSection(SolutionConfigurationPlatforms) = preSolution
		Debug|Any CPU = Debug|Any CPU
		Release|Any CPU = Release|Any CPU
	EndGlobalSection
	GlobalSection(SolutionProperties) = preSolution
		HideSolutionNode = FALSE
	EndGlobalSection
	GlobalSection(ProjectConfigurationPlatforms) = postSolution
		{057D647E-74ED-4E06-8740-1FA8FEBC2A08}.Debug|Any CPU.ActiveCfg = Debug|Any CPU
		{057D647E-74ED-4E06-8740-1FA8FEBC2A08}.Debug|Any CPU.Build.0 = Debug|Any CPU
		{057D647E-74ED-4E06-8740-1FA8FEBC2A08}.Release|Any CPU.ActiveCfg = Release|Any CPU
		{057D647E-74ED-4E06-8740-1FA8FEBC2A08}.Release|Any CPU.Build.0 = Release|Any CPU
		{33BBE275-4D07-46F6-87B9-FE39311DDD6C}.Debug|Any CPU.ActiveCfg = Debug|Any CPU
		{33BBE275-4D07-46F6-87B9-FE39311DDD6C}.Debug|Any CPU.Build.0 = Debug|Any CPU
		{33BBE275-4D07-46F6-87B9-FE39311DDD6C}.Release|Any CPU.ActiveCfg = Release|Any CPU
		{33BBE275-4D07-46F6-87B9-FE39311DDD6C}.Release|Any CPU.Build.0 = Release|Any CPU
		{13B5F076-CDE1-4956-A399-9AD4B16823F8}.Debug|Any CPU.ActiveCfg = Debug|Any CPU
		{13B5F076-CDE1-4956-A399-9AD4B16823F8}.Debug|Any CPU.Build.0 = Debug|Any CPU
		{13B5F076-CDE1-4956-A399-9AD4B16823F8}.Release|Any CPU.ActiveCfg = Release|Any CPU
		{13B5F076-CDE1-4956-A399-9AD4B16823F8}.Release|Any CPU.Build.0 = Release|Any CPU
	EndGlobalSection
EndGlobal
